
Microsoft Visual Studio Solution File, Format Version 12.00
# Visual Studio Version 17
VisualStudioVersion = 17.3.32901.215
MinimumVisualStudioVersion = 10.0.40219.1
Project("{9A19103F-16F7-4668-BE54-9A1E7A4F7556}") = "Assignment4", "Assignment4\Assignment4.csproj", "{5BF40BCF-3704-449B-96C1-0A997F3B8D5E}"
EndProject
Project("{9A19103F-16F7-4668-BE54-9A1E7A4F7556}") = "GameCardLib", "GameCardLib\GameCardLib.csproj", "{2D3592D0-77FC-41C4-BCD8-D12A348F5E42}"
EndProject
Project("{FAE04EC0-301F-11D3-BF4B-00C04F79EFBC}") = "UtilitiesLib", "UtilitiesLib.dll\UtilitiesLib.csproj", "{E590955C-98AB-45D8-A2ED-5323919D50BF}"
EndProject
Global
	GlobalSection(SolutionConfigurationPlatforms) = preSolution
		Debug|Any CPU = Debug|Any CPU
		Release|Any CPU = Release|Any CPU
	EndGlobalSection
	GlobalSection(ProjectConfigurationPlatforms) = postSolution
		{5BF40BCF-3704-449B-96C1-0A997F3B8D5E}.Debug|Any CPU.ActiveCfg = Debug|Any CPU
		{5BF40BCF-3704-449B-96C1-0A997F3B8D5E}.Debug|Any CPU.Build.0 = Debug|Any CPU
		{5BF40BCF-3704-449B-96C1-0A997F3B8D5E}.Release|Any CPU.ActiveCfg = Release|Any CPU
		{5BF40BCF-3704-449B-96C1-0A997F3B8D5E}.Release|Any CPU.Build.0 = Release|Any CPU
		{2D3592D0-77FC-41C4-BCD8-D12A348F5E42}.Debug|Any CPU.ActiveCfg = Debug|Any CPU
		{2D3592D0-77FC-41C4-BCD8-D12A348F5E42}.Debug|Any CPU.Build.0 = Debug|Any CPU
		{2D3592D0-77FC-41C4-BCD8-D12A348F5E42}.Release|Any CPU.ActiveCfg = Release|Any CPU
		{2D3592D0-77FC-41C4-BCD8-D12A348F5E42}.Release|Any CPU.Build.0 = Release|Any CPU
		{E590955C-98AB-45D8-A2ED-5323919D50BF}.Debug|Any CPU.ActiveCfg = Debug|Any CPU
		{E590955C-98AB-45D8-A2ED-5323919D50BF}.Debug|Any CPU.Build.0 = Debug|Any CPU
		{E590955C-98AB-45D8-A2ED-5323919D50BF}.Release|Any CPU.ActiveCfg = Release|Any CPU
		{E590955C-98AB-45D8-A2ED-5323919D50BF}.Release|Any CPU.Build.0 = Release|Any CPU
	EndGlobalSection
	GlobalSection(SolutionProperties) = preSolution
		HideSolutionNode = FALSE
	EndGlobalSection
	GlobalSection(ExtensibilityGlobals) = postSolution
		SolutionGuid = {72AF86B2-8CFE-40BC-BBD2-89F96710B463}
	EndGlobalSection
EndGlobal
